
Microsoft Visual Studio Solution File, Format Version 12.00
# Visual Studio Version 17
VisualStudioVersion = 17.9.34310.174
MinimumVisualStudioVersion = 10.0.40219.1
Project("{9A19103F-16F7-4668-BE54-9A1E7A4F7556}") = "TimeShareRealEstateGUI", "TimeShareRealEstateGUI\TimeShareRealEstateGUI.csproj", "{32C6E5A9-C63B-4D00-9732-2274CCCB0385}"
EndProject
Project("{FAE04EC0-301F-11D3-BF4B-00C04F79EFBC}") = "APIDataAccess", "APIDataAccess\APIDataAccess.csproj", "{7DAE12F2-2BF2-47FE-B29A-A8F9D5B52CE0}"
EndProject
Global
	GlobalSection(SolutionConfigurationPlatforms) = preSolution
		Debug|Any CPU = Debug|Any CPU
		Release|Any CPU = Release|Any CPU
	EndGlobalSection
	GlobalSection(ProjectConfigurationPlatforms) = postSolution
		{32C6E5A9-C63B-4D00-9732-2274CCCB0385}.Debug|Any CPU.ActiveCfg = Debug|Any CPU
		{32C6E5A9-C63B-4D00-9732-2274CCCB0385}.Debug|Any CPU.Build.0 = Debug|Any CPU
		{32C6E5A9-C63B-4D00-9732-2274CCCB0385}.Release|Any CPU.ActiveCfg = Release|Any CPU
		{32C6E5A9-C63B-4D00-9732-2274CCCB0385}.Release|Any CPU.Build.0 = Release|Any CPU
		{7DAE12F2-2BF2-47FE-B29A-A8F9D5B52CE0}.Debug|Any CPU.ActiveCfg = Debug|Any CPU
		{7DAE12F2-2BF2-47FE-B29A-A8F9D5B52CE0}.Debug|Any CPU.Build.0 = Debug|Any CPU
		{7DAE12F2-2BF2-47FE-B29A-A8F9D5B52CE0}.Release|Any CPU.ActiveCfg = Release|Any CPU
		{7DAE12F2-2BF2-47FE-B29A-A8F9D5B52CE0}.Release|Any CPU.Build.0 = Release|Any CPU
	EndGlobalSection
	GlobalSection(SolutionProperties) = preSolution
		HideSolutionNode = FALSE
	EndGlobalSection
	GlobalSection(ExtensibilityGlobals) = postSolution
		SolutionGuid = {3E32F10B-B625-4F68-8FEA-0620BB1F2496}
	EndGlobalSection
EndGlobal
